
Microsoft Visual Studio Solution File, Format Version 12.00
# Visual Studio 15
VisualStudioVersion = 15.0.28307.757
MinimumVisualStudioVersion = 10.0.40219.1
Project("{FAE04EC0-301F-11D3-BF4B-00C04F79EFBC}") = "LRU Cache", "LRU Cache\LRU Cache.csproj", "{9481EC6D-8F79-4ED2-A8B0-A6A3C96E9E30}"
EndProject
Global
	GlobalSection(SolutionConfigurationPlatforms) = preSolution
		Debug|Any CPU = Debug|Any CPU
		Release|Any CPU = Release|Any CPU
	EndGlobalSection
	GlobalSection(ProjectConfigurationPlatforms) = postSolution
		{9481EC6D-8F79-4ED2-A8B0-A6A3C96E9E30}.Debug|Any CPU.ActiveCfg = Debug|Any CPU
		{9481EC6D-8F79-4ED2-A8B0-A6A3C96E9E30}.Debug|Any CPU.Build.0 = Debug|Any CPU
		{9481EC6D-8F79-4ED2-A8B0-A6A3C96E9E30}.Release|Any CPU.ActiveCfg = Release|Any CPU
		{9481EC6D-8F79-4ED2-A8B0-A6A3C96E9E30}.Release|Any CPU.Build.0 = Release|Any CPU
	EndGlobalSection
	GlobalSection(SolutionProperties) = preSolution
		HideSolutionNode = FALSE
	EndGlobalSection
	GlobalSection(ExtensibilityGlobals) = postSolution
		SolutionGuid = {DD3F696A-78C2-461B-B43B-8C1EB224E7C7}
	EndGlobalSection
EndGlobal
